
Microsoft Visual Studio Solution File, Format Version 12.00
# Visual Studio Version 17
VisualStudioVersion = 17.9.34622.214
MinimumVisualStudioVersion = 10.0.40219.1
Project("{FAE04EC0-301F-11D3-BF4B-00C04F79EFBC}") = "HealthTracking.App", "HealthTracking.App\HealthTracking.App.csproj", "{45B58D6E-236C-486D-BC3D-6A43A32B8020}"
EndProject
Project("{FAE04EC0-301F-11D3-BF4B-00C04F79EFBC}") = "HealthTracking.DAL", "HealthTracking.DAL\HealthTracking.DAL.csproj", "{BA1D24F5-A859-478A-8FAB-BFAF7DD84DAC}"
EndProject
Project("{FAE04EC0-301F-11D3-BF4B-00C04F79EFBC}") = "HealthTracking.BLL", "HealthTracking.BLL\HealthTracking.BLL.csproj", "{4DE65895-8BA8-4330-988C-20E3C0E4C3B6}"
EndProject
Project("{FAE04EC0-301F-11D3-BF4B-00C04F79EFBC}") = "HealthTracking.Common", "HealthTracking.Common\HealthTracking.Common.csproj", "{7AE0B63A-9392-4822-B0FE-C1E747C3D78D}"
EndProject
Global
	GlobalSection(SolutionConfigurationPlatforms) = preSolution
		Debug|Any CPU = Debug|Any CPU
		Release|Any CPU = Release|Any CPU
	EndGlobalSection
	GlobalSection(ProjectConfigurationPlatforms) = postSolution
		{45B58D6E-236C-486D-BC3D-6A43A32B8020}.Debug|Any CPU.ActiveCfg = Debug|Any CPU
		{45B58D6E-236C-486D-BC3D-6A43A32B8020}.Debug|Any CPU.Build.0 = Debug|Any CPU
		{45B58D6E-236C-486D-BC3D-6A43A32B8020}.Release|Any CPU.ActiveCfg = Release|Any CPU
		{45B58D6E-236C-486D-BC3D-6A43A32B8020}.Release|Any CPU.Build.0 = Release|Any CPU
		{BA1D24F5-A859-478A-8FAB-BFAF7DD84DAC}.Debug|Any CPU.ActiveCfg = Debug|Any CPU
		{BA1D24F5-A859-478A-8FAB-BFAF7DD84DAC}.Debug|Any CPU.Build.0 = Debug|Any CPU
		{BA1D24F5-A859-478A-8FAB-BFAF7DD84DAC}.Release|Any CPU.ActiveCfg = Release|Any CPU
		{BA1D24F5-A859-478A-8FAB-BFAF7DD84DAC}.Release|Any CPU.Build.0 = Release|Any CPU
		{4DE65895-8BA8-4330-988C-20E3C0E4C3B6}.Debug|Any CPU.ActiveCfg = Debug|Any CPU
		{4DE65895-8BA8-4330-988C-20E3C0E4C3B6}.Debug|Any CPU.Build.0 = Debug|Any CPU
		{4DE65895-8BA8-4330-988C-20E3C0E4C3B6}.Release|Any CPU.ActiveCfg = Release|Any CPU
		{4DE65895-8BA8-4330-988C-20E3C0E4C3B6}.Release|Any CPU.Build.0 = Release|Any CPU
		{7AE0B63A-9392-4822-B0FE-C1E747C3D78D}.Debug|Any CPU.ActiveCfg = Debug|Any CPU
		{7AE0B63A-9392-4822-B0FE-C1E747C3D78D}.Debug|Any CPU.Build.0 = Debug|Any CPU
		{7AE0B63A-9392-4822-B0FE-C1E747C3D78D}.Release|Any CPU.ActiveCfg = Release|Any CPU
		{7AE0B63A-9392-4822-B0FE-C1E747C3D78D}.Release|Any CPU.Build.0 = Release|Any CPU
	EndGlobalSection
	GlobalSection(SolutionProperties) = preSolution
		HideSolutionNode = FALSE
	EndGlobalSection
	GlobalSection(ExtensibilityGlobals) = postSolution
		SolutionGuid = {FB751D96-7463-4626-81E4-F45983B37A18}
	EndGlobalSection
EndGlobal
